
Microsoft Visual Studio Solution File, Format Version 12.00
# Visual Studio Version 16
VisualStudioVersion = 16.0.29230.47
MinimumVisualStudioVersion = 10.0.40219.1
Project("{FAE04EC0-301F-11D3-BF4B-00C04F79EFBC}") = "Tabulazer", "Tabulazer.csproj", "{F51B0FF3-DAAE-4605-932A-6B20E93DB626}"
EndProject
Global
	GlobalSection(SolutionConfigurationPlatforms) = preSolution
		Debug|Any CPU = Debug|Any CPU
		Release|Any CPU = Release|Any CPU
	EndGlobalSection
	GlobalSection(ProjectConfigurationPlatforms) = postSolution
		{F51B0FF3-DAAE-4605-932A-6B20E93DB626}.Debug|Any CPU.ActiveCfg = Debug|Any CPU
		{F51B0FF3-DAAE-4605-932A-6B20E93DB626}.Debug|Any CPU.Build.0 = Debug|Any CPU
		{F51B0FF3-DAAE-4605-932A-6B20E93DB626}.Release|Any CPU.ActiveCfg = Release|Any CPU
		{F51B0FF3-DAAE-4605-932A-6B20E93DB626}.Release|Any CPU.Build.0 = Release|Any CPU
	EndGlobalSection
	GlobalSection(SolutionProperties) = preSolution
		HideSolutionNode = FALSE
	EndGlobalSection
	GlobalSection(ExtensibilityGlobals) = postSolution
		SolutionGuid = {EF223332-1D76-469C-B4D4-FC249A500A49}
	EndGlobalSection
EndGlobal
